
Microsoft Visual Studio Solution File, Format Version 12.00
# Visual Studio 2012
Project("{FAE04EC0-301F-11D3-BF4B-00C04F79EFBC}") = "NServiceBus.Transports.ActiveMQ", "NServiceBus.ActiveMQ\NServiceBus.Transports.ActiveMQ.csproj", "{6FC67824-B465-4796-828E-76E5BF4F0D54}"
EndProject
Project("{FAE04EC0-301F-11D3-BF4B-00C04F79EFBC}") = "NServiceBus.Transports.ActiveMQ.Tests", "NServiceBus.ActiveMQ.Tests\NServiceBus.Transports.ActiveMQ.Tests.csproj", "{88485CCA-BE4A-46D7-864A-2ABEF45074BF}"
EndProject
Project("{2150E333-8FDC-42A3-9474-1A3956D46DE8}") = "VideoStoreSample", "VideoStoreSample", "{5A6E94B4-5433-4B3D-BC2C-BE99953D8308}"
EndProject
Project("{FAE04EC0-301F-11D3-BF4B-00C04F79EFBC}") = "VideoStore.ContentManagement", "VideoStoreSample\VideoStore.ContentManagement\VideoStore.ContentManagement.csproj", "{C90A7D6C-99BB-4736-B2E5-D6AEA04A8D0C}"
EndProject
Project("{FAE04EC0-301F-11D3-BF4B-00C04F79EFBC}") = "VideoStore.CustomerRelations", "VideoStoreSample\VideoStore.CustomerRelations\VideoStore.CustomerRelations.csproj", "{CD522757-4C40-49C7-94C5-CD5DA956BAFC}"
EndProject
Project("{FAE04EC0-301F-11D3-BF4B-00C04F79EFBC}") = "VideoStore.ECommerce", "VideoStoreSample\VideoStore.ECommerce\VideoStore.ECommerce.csproj", "{F295D85E-4447-44E4-A9CC-3E017CF2B0D8}"
EndProject
Project("{FAE04EC0-301F-11D3-BF4B-00C04F79EFBC}") = "VideoStore.Messages", "VideoStoreSample\VideoStore.Messages\VideoStore.Messages.csproj", "{59F2BA7E-4DA5-49F8-9DBC-520FA99F4679}"
EndProject
Project("{FAE04EC0-301F-11D3-BF4B-00C04F79EFBC}") = "VideoStore.Operations", "VideoStoreSample\VideoStore.Operations\VideoStore.Operations.csproj", "{0B353423-4655-4523-B4E0-F191DDDF0ABF}"
EndProject
Project("{FAE04EC0-301F-11D3-BF4B-00C04F79EFBC}") = "VideoStore.Sales", "VideoStoreSample\VideoStore.Sales\VideoStore.Sales.csproj", "{C2D005B5-065F-4F81-BA1F-259F90E00AEE}"
EndProject
Global
	GlobalSection(SolutionConfigurationPlatforms) = preSolution
		Debug|Any CPU = Debug|Any CPU
		Release|Any CPU = Release|Any CPU
	EndGlobalSection
	GlobalSection(ProjectConfigurationPlatforms) = postSolution
		{6FC67824-B465-4796-828E-76E5BF4F0D54}.Debug|Any CPU.ActiveCfg = Debug|Any CPU
		{6FC67824-B465-4796-828E-76E5BF4F0D54}.Debug|Any CPU.Build.0 = Debug|Any CPU
		{6FC67824-B465-4796-828E-76E5BF4F0D54}.Release|Any CPU.ActiveCfg = Release|Any CPU
		{6FC67824-B465-4796-828E-76E5BF4F0D54}.Release|Any CPU.Build.0 = Release|Any CPU
		{88485CCA-BE4A-46D7-864A-2ABEF45074BF}.Debug|Any CPU.ActiveCfg = Debug|Any CPU
		{88485CCA-BE4A-46D7-864A-2ABEF45074BF}.Debug|Any CPU.Build.0 = Debug|Any CPU
		{88485CCA-BE4A-46D7-864A-2ABEF45074BF}.Release|Any CPU.ActiveCfg = Release|Any CPU
		{88485CCA-BE4A-46D7-864A-2ABEF45074BF}.Release|Any CPU.Build.0 = Release|Any CPU
		{C90A7D6C-99BB-4736-B2E5-D6AEA04A8D0C}.Debug|Any CPU.ActiveCfg = Debug|Any CPU
		{C90A7D6C-99BB-4736-B2E5-D6AEA04A8D0C}.Debug|Any CPU.Build.0 = Debug|Any CPU
		{C90A7D6C-99BB-4736-B2E5-D6AEA04A8D0C}.Release|Any CPU.ActiveCfg = Release|Any CPU
		{C90A7D6C-99BB-4736-B2E5-D6AEA04A8D0C}.Release|Any CPU.Build.0 = Release|Any CPU
		{CD522757-4C40-49C7-94C5-CD5DA956BAFC}.Debug|Any CPU.ActiveCfg = Debug|Any CPU
		{CD522757-4C40-49C7-94C5-CD5DA956BAFC}.Debug|Any CPU.Build.0 = Debug|Any CPU
		{CD522757-4C40-49C7-94C5-CD5DA956BAFC}.Release|Any CPU.ActiveCfg = Release|Any CPU
		{CD522757-4C40-49C7-94C5-CD5DA956BAFC}.Release|Any CPU.Build.0 = Release|Any CPU
		{F295D85E-4447-44E4-A9CC-3E017CF2B0D8}.Debug|Any CPU.ActiveCfg = Debug|Any CPU
		{F295D85E-4447-44E4-A9CC-3E017CF2B0D8}.Debug|Any CPU.Build.0 = Debug|Any CPU
		{F295D85E-4447-44E4-A9CC-3E017CF2B0D8}.Release|Any CPU.ActiveCfg = Release|Any CPU
		{F295D85E-4447-44E4-A9CC-3E017CF2B0D8}.Release|Any CPU.Build.0 = Release|Any CPU
		{59F2BA7E-4DA5-49F8-9DBC-520FA99F4679}.Debug|Any CPU.ActiveCfg = Debug|Any CPU
		{59F2BA7E-4DA5-49F8-9DBC-520FA99F4679}.Debug|Any CPU.Build.0 = Debug|Any CPU
		{59F2BA7E-4DA5-49F8-9DBC-520FA99F4679}.Release|Any CPU.ActiveCfg = Release|Any CPU
		{59F2BA7E-4DA5-49F8-9DBC-520FA99F4679}.Release|Any CPU.Build.0 = Release|Any CPU
		{0B353423-4655-4523-B4E0-F191DDDF0ABF}.Debug|Any CPU.ActiveCfg = Debug|Any CPU
		{0B353423-4655-4523-B4E0-F191DDDF0ABF}.Debug|Any CPU.Build.0 = Debug|Any CPU
		{0B353423-4655-4523-B4E0-F191DDDF0ABF}.Release|Any CPU.ActiveCfg = Release|Any CPU
		{0B353423-4655-4523-B4E0-F191DDDF0ABF}.Release|Any CPU.Build.0 = Release|Any CPU
		{C2D005B5-065F-4F81-BA1F-259F90E00AEE}.Debug|Any CPU.ActiveCfg = Debug|Any CPU
		{C2D005B5-065F-4F81-BA1F-259F90E00AEE}.Debug|Any CPU.Build.0 = Debug|Any CPU
		{C2D005B5-065F-4F81-BA1F-259F90E00AEE}.Release|Any CPU.ActiveCfg = Release|Any CPU
		{C2D005B5-065F-4F81-BA1F-259F90E00AEE}.Release|Any CPU.Build.0 = Release|Any CPU
	EndGlobalSection
	GlobalSection(SolutionProperties) = preSolution
		HideSolutionNode = FALSE
	EndGlobalSection
	GlobalSection(NestedProjects) = preSolution
		{C90A7D6C-99BB-4736-B2E5-D6AEA04A8D0C} = {5A6E94B4-5433-4B3D-BC2C-BE99953D8308}
		{CD522757-4C40-49C7-94C5-CD5DA956BAFC} = {5A6E94B4-5433-4B3D-BC2C-BE99953D8308}
		{F295D85E-4447-44E4-A9CC-3E017CF2B0D8} = {5A6E94B4-5433-4B3D-BC2C-BE99953D8308}
		{59F2BA7E-4DA5-49F8-9DBC-520FA99F4679} = {5A6E94B4-5433-4B3D-BC2C-BE99953D8308}
		{0B353423-4655-4523-B4E0-F191DDDF0ABF} = {5A6E94B4-5433-4B3D-BC2C-BE99953D8308}
		{C2D005B5-065F-4F81-BA1F-259F90E00AEE} = {5A6E94B4-5433-4B3D-BC2C-BE99953D8308}
	EndGlobalSection
EndGlobal
